
Microsoft Visual Studio Solution File, Format Version 12.00
# Visual Studio 15
VisualStudioVersion = 15.0.28010.2050
MinimumVisualStudioVersion = 10.0.40219.1
Project("{FAE04EC0-301F-11D3-BF4B-00C04F79EFBC}") = "QLCAFE", "QLCAFE\QLCAFE.csproj", "{3151BABF-2839-4FB0-881C-19D719A3B33E}"
EndProject
Project("{FAE04EC0-301F-11D3-BF4B-00C04F79EFBC}") = "QLCAFE_Model", "QLCAFE_Model\QLCAFE_Model.csproj", "{05E1337B-C145-4F99-869C-5F986AB3F995}"
EndProject
Project("{FAE04EC0-301F-11D3-BF4B-00C04F79EFBC}") = "QLCAFE_VM", "QLCAFE_VM\QLCAFE_VM.csproj", "{AB473FC7-6AD3-4001-8FB5-E3702069FB9E}"
EndProject
Global
	GlobalSection(SolutionConfigurationPlatforms) = preSolution
		Debug|Any CPU = Debug|Any CPU
		Release|Any CPU = Release|Any CPU
	EndGlobalSection
	GlobalSection(ProjectConfigurationPlatforms) = postSolution
		{3151BABF-2839-4FB0-881C-19D719A3B33E}.Debug|Any CPU.ActiveCfg = Debug|Any CPU
		{3151BABF-2839-4FB0-881C-19D719A3B33E}.Debug|Any CPU.Build.0 = Debug|Any CPU
		{3151BABF-2839-4FB0-881C-19D719A3B33E}.Release|Any CPU.ActiveCfg = Release|Any CPU
		{3151BABF-2839-4FB0-881C-19D719A3B33E}.Release|Any CPU.Build.0 = Release|Any CPU
		{05E1337B-C145-4F99-869C-5F986AB3F995}.Debug|Any CPU.ActiveCfg = Debug|Any CPU
		{05E1337B-C145-4F99-869C-5F986AB3F995}.Debug|Any CPU.Build.0 = Debug|Any CPU
		{05E1337B-C145-4F99-869C-5F986AB3F995}.Release|Any CPU.ActiveCfg = Release|Any CPU
		{05E1337B-C145-4F99-869C-5F986AB3F995}.Release|Any CPU.Build.0 = Release|Any CPU
		{AB473FC7-6AD3-4001-8FB5-E3702069FB9E}.Debug|Any CPU.ActiveCfg = Debug|Any CPU
		{AB473FC7-6AD3-4001-8FB5-E3702069FB9E}.Debug|Any CPU.Build.0 = Debug|Any CPU
		{AB473FC7-6AD3-4001-8FB5-E3702069FB9E}.Release|Any CPU.ActiveCfg = Release|Any CPU
		{AB473FC7-6AD3-4001-8FB5-E3702069FB9E}.Release|Any CPU.Build.0 = Release|Any CPU
	EndGlobalSection
	GlobalSection(SolutionProperties) = preSolution
		HideSolutionNode = FALSE
	EndGlobalSection
	GlobalSection(ExtensibilityGlobals) = postSolution
		SolutionGuid = {028D34A9-45CF-4726-ACC3-87F8DDC6C2D2}
	EndGlobalSection
EndGlobal
